# THIS IS AN AUTOGENERATED FILE. DO NOT EDIT THIS FILE DIRECTLY.
# yarn lockfile v1


"@sanity/cli@^2.2.6":
  version "2.2.6"
  resolved "https://registry.yarnpkg.com/@sanity/cli/-/cli-2.2.6.tgz#67cd6870a5935a02064a8a174ea11d1ea86f43f6"
  integrity sha512-MmxOAPRwiGxHwfQZLYHTFN4ZVSHueaRCnDln4WPE19PBjvrqjX4s1RNacv/Dm9lt5CEbCkJsjMZfzd0lLrMNTQ==
